
Microsoft Visual Studio Solution File, Format Version 12.00
# Visual Studio Version 17
VisualStudioVersion = 17.0.32112.339
MinimumVisualStudioVersion = 15.0.26124.0
Project("{2150E333-8FDC-42A3-9474-1A3956D46DE8}") = "src", "src", "{1CE3BB4C-88E0-43FD-B267-FA441474A66C}"
EndProject
Project("{9A19103F-16F7-4668-BE54-9A1E7A4F7556}") = "Ecommerce.Host", "src\Ecommerce.Host\Ecommerce.Host.csproj", "{7013A984-2601-4D83-A1BB-7FE7FBF0F83C}"
EndProject
Project("{2150E333-8FDC-42A3-9474-1A3956D46DE8}") = "test", "test", "{FFBD348E-60A7-463F-BFBF-C1781EB370E5}"
EndProject
Project("{9A19103F-16F7-4668-BE54-9A1E7A4F7556}") = "Ecommerce.FunctionalTests", "test\Ecommerce.FunctionalTests\Ecommerce.FunctionalTests.csproj", "{64D33C5C-10EC-4223-BBEC-F2F57D04AC62}"
EndProject
Project("{9A19103F-16F7-4668-BE54-9A1E7A4F7556}") = "Ecommerce.Model", "src\Ecommerce.Model\Ecommerce.Model.csproj", "{FC7BA12E-4FF8-492D-8D47-65ACED6CE9B2}"
EndProject
Project("{2150E333-8FDC-42A3-9474-1A3956D46DE8}") = "Solution Items", "Solution Items", "{B9970DA7-0E76-4E14-823D-14012CF27179}"
	ProjectSection(SolutionItems) = preProject
		Directory.Build.props = Directory.Build.props
		Directory.Build.targets = Directory.Build.targets
		.config\dotnet-tools.json = .config\dotnet-tools.json
		global.json = global.json
		README.md = README.md
	EndProjectSection
EndProject
Project("{9A19103F-16F7-4668-BE54-9A1E7A4F7556}") = "Ecommerce.UnitTests", "test\Ecommerce.UnitTests\Ecommerce.UnitTests.csproj", "{F2D91CF1-71BF-44FD-AA9A-02DC5338152E}"
EndProject
Project("{2150E333-8FDC-42A3-9474-1A3956D46DE8}") = "pipelines", "pipelines", "{7B52EBF6-BC71-4664-AF2D-AF0FFB86831F}"
	ProjectSection(SolutionItems) = preProject
		.github\workflows\ci-cd.yml = .github\workflows\ci-cd.yml
		.github\workflows\ci.yml = .github\workflows\ci.yml
	EndProjectSection
EndProject
Project("{2150E333-8FDC-42A3-9474-1A3956D46DE8}") = "dependencies", "dependencies", "{C86CA978-63F1-4B11-B79C-F9897D1EF795}"
	ProjectSection(SolutionItems) = preProject
		build\dependencies.props = build\dependencies.props
		build\package-versions.props = build\package-versions.props
		build\properties.props = build\properties.props
	EndProjectSection
EndProject
Project("{9A19103F-16F7-4668-BE54-9A1E7A4F7556}") = "Ecommerce.Api", "src\Ecommerce.Api\Ecommerce.Api.csproj", "{CF97C057-0D7E-4D84-BDA7-0D823CC5CCD3}"
EndProject
Project("{9A19103F-16F7-4668-BE54-9A1E7A4F7556}") = "Ecommerce.Core", "src\Ecommerce.Core\Ecommerce.Core.csproj", "{E77B8566-FD7E-4E59-80F2-FD3637D29FE7}"
EndProject
Global
	GlobalSection(SolutionConfigurationPlatforms) = preSolution
		Debug|Any CPU = Debug|Any CPU
		Debug|x64 = Debug|x64
		Debug|x86 = Debug|x86
		Release|Any CPU = Release|Any CPU
		Release|x64 = Release|x64
		Release|x86 = Release|x86
	EndGlobalSection
	GlobalSection(ProjectConfigurationPlatforms) = postSolution
		{7013A984-2601-4D83-A1BB-7FE7FBF0F83C}.Debug|Any CPU.ActiveCfg = Debug|Any CPU
		{7013A984-2601-4D83-A1BB-7FE7FBF0F83C}.Debug|Any CPU.Build.0 = Debug|Any CPU
		{7013A984-2601-4D83-A1BB-7FE7FBF0F83C}.Debug|x64.ActiveCfg = Debug|Any CPU
		{7013A984-2601-4D83-A1BB-7FE7FBF0F83C}.Debug|x64.Build.0 = Debug|Any CPU
		{7013A984-2601-4D83-A1BB-7FE7FBF0F83C}.Debug|x86.ActiveCfg = Debug|Any CPU
		{7013A984-2601-4D83-A1BB-7FE7FBF0F83C}.Debug|x86.Build.0 = Debug|Any CPU
		{7013A984-2601-4D83-A1BB-7FE7FBF0F83C}.Release|Any CPU.ActiveCfg = Release|Any CPU
		{7013A984-2601-4D83-A1BB-7FE7FBF0F83C}.Release|Any CPU.Build.0 = Release|Any CPU
		{7013A984-2601-4D83-A1BB-7FE7FBF0F83C}.Release|x64.ActiveCfg = Release|Any CPU
		{7013A984-2601-4D83-A1BB-7FE7FBF0F83C}.Release|x64.Build.0 = Release|Any CPU
		{7013A984-2601-4D83-A1BB-7FE7FBF0F83C}.Release|x86.ActiveCfg = Release|Any CPU
		{7013A984-2601-4D83-A1BB-7FE7FBF0F83C}.Release|x86.Build.0 = Release|Any CPU
		{64D33C5C-10EC-4223-BBEC-F2F57D04AC62}.Debug|Any CPU.ActiveCfg = Debug|Any CPU
		{64D33C5C-10EC-4223-BBEC-F2F57D04AC62}.Debug|Any CPU.Build.0 = Debug|Any CPU
		{64D33C5C-10EC-4223-BBEC-F2F57D04AC62}.Debug|x64.ActiveCfg = Debug|Any CPU
		{64D33C5C-10EC-4223-BBEC-F2F57D04AC62}.Debug|x64.Build.0 = Debug|Any CPU
		{64D33C5C-10EC-4223-BBEC-F2F57D04AC62}.Debug|x86.ActiveCfg = Debug|Any CPU
		{64D33C5C-10EC-4223-BBEC-F2F57D04AC62}.Debug|x86.Build.0 = Debug|Any CPU
		{64D33C5C-10EC-4223-BBEC-F2F57D04AC62}.Release|Any CPU.ActiveCfg = Release|Any CPU
		{64D33C5C-10EC-4223-BBEC-F2F57D04AC62}.Release|Any CPU.Build.0 = Release|Any CPU
		{64D33C5C-10EC-4223-BBEC-F2F57D04AC62}.Release|x64.ActiveCfg = Release|Any CPU
		{64D33C5C-10EC-4223-BBEC-F2F57D04AC62}.Release|x64.Build.0 = Release|Any CPU
		{64D33C5C-10EC-4223-BBEC-F2F57D04AC62}.Release|x86.ActiveCfg = Release|Any CPU
		{64D33C5C-10EC-4223-BBEC-F2F57D04AC62}.Release|x86.Build.0 = Release|Any CPU
		{FC7BA12E-4FF8-492D-8D47-65ACED6CE9B2}.Debug|Any CPU.ActiveCfg = Debug|Any CPU
		{FC7BA12E-4FF8-492D-8D47-65ACED6CE9B2}.Debug|Any CPU.Build.0 = Debug|Any CPU
		{FC7BA12E-4FF8-492D-8D47-65ACED6CE9B2}.Debug|x64.ActiveCfg = Debug|Any CPU
		{FC7BA12E-4FF8-492D-8D47-65ACED6CE9B2}.Debug|x64.Build.0 = Debug|Any CPU
		{FC7BA12E-4FF8-492D-8D47-65ACED6CE9B2}.Debug|x86.ActiveCfg = Debug|Any CPU
		{FC7BA12E-4FF8-492D-8D47-65ACED6CE9B2}.Debug|x86.Build.0 = Debug|Any CPU
		{FC7BA12E-4FF8-492D-8D47-65ACED6CE9B2}.Release|Any CPU.ActiveCfg = Release|Any CPU
		{FC7BA12E-4FF8-492D-8D47-65ACED6CE9B2}.Release|Any CPU.Build.0 = Release|Any CPU
		{FC7BA12E-4FF8-492D-8D47-65ACED6CE9B2}.Release|x64.ActiveCfg = Release|Any CPU
		{FC7BA12E-4FF8-492D-8D47-65ACED6CE9B2}.Release|x64.Build.0 = Release|Any CPU
		{FC7BA12E-4FF8-492D-8D47-65ACED6CE9B2}.Release|x86.ActiveCfg = Release|Any CPU
		{FC7BA12E-4FF8-492D-8D47-65ACED6CE9B2}.Release|x86.Build.0 = Release|Any CPU
		{F2D91CF1-71BF-44FD-AA9A-02DC5338152E}.Debug|Any CPU.ActiveCfg = Debug|Any CPU
		{F2D91CF1-71BF-44FD-AA9A-02DC5338152E}.Debug|Any CPU.Build.0 = Debug|Any CPU
		{F2D91CF1-71BF-44FD-AA9A-02DC5338152E}.Debug|x64.ActiveCfg = Debug|Any CPU
		{F2D91CF1-71BF-44FD-AA9A-02DC5338152E}.Debug|x64.Build.0 = Debug|Any CPU
		{F2D91CF1-71BF-44FD-AA9A-02DC5338152E}.Debug|x86.ActiveCfg = Debug|Any CPU
		{F2D91CF1-71BF-44FD-AA9A-02DC5338152E}.Debug|x86.Build.0 = Debug|Any CPU
		{F2D91CF1-71BF-44FD-AA9A-02DC5338152E}.Release|Any CPU.ActiveCfg = Release|Any CPU
		{F2D91CF1-71BF-44FD-AA9A-02DC5338152E}.Release|Any CPU.Build.0 = Release|Any CPU
		{F2D91CF1-71BF-44FD-AA9A-02DC5338152E}.Release|x64.ActiveCfg = Release|Any CPU
		{F2D91CF1-71BF-44FD-AA9A-02DC5338152E}.Release|x64.Build.0 = Release|Any CPU
		{F2D91CF1-71BF-44FD-AA9A-02DC5338152E}.Release|x86.ActiveCfg = Release|Any CPU
		{F2D91CF1-71BF-44FD-AA9A-02DC5338152E}.Release|x86.Build.0 = Release|Any CPU
		{CF97C057-0D7E-4D84-BDA7-0D823CC5CCD3}.Debug|Any CPU.ActiveCfg = Debug|Any CPU
		{CF97C057-0D7E-4D84-BDA7-0D823CC5CCD3}.Debug|Any CPU.Build.0 = Debug|Any CPU
		{CF97C057-0D7E-4D84-BDA7-0D823CC5CCD3}.Debug|x64.ActiveCfg = Debug|Any CPU
		{CF97C057-0D7E-4D84-BDA7-0D823CC5CCD3}.Debug|x64.Build.0 = Debug|Any CPU
		{CF97C057-0D7E-4D84-BDA7-0D823CC5CCD3}.Debug|x86.ActiveCfg = Debug|Any CPU
		{CF97C057-0D7E-4D84-BDA7-0D823CC5CCD3}.Debug|x86.Build.0 = Debug|Any CPU
		{CF97C057-0D7E-4D84-BDA7-0D823CC5CCD3}.Release|Any CPU.ActiveCfg = Release|Any CPU
		{CF97C057-0D7E-4D84-BDA7-0D823CC5CCD3}.Release|Any CPU.Build.0 = Release|Any CPU
		{CF97C057-0D7E-4D84-BDA7-0D823CC5CCD3}.Release|x64.ActiveCfg = Release|Any CPU
		{CF97C057-0D7E-4D84-BDA7-0D823CC5CCD3}.Release|x64.Build.0 = Release|Any CPU
		{CF97C057-0D7E-4D84-BDA7-0D823CC5CCD3}.Release|x86.ActiveCfg = Release|Any CPU
		{CF97C057-0D7E-4D84-BDA7-0D823CC5CCD3}.Release|x86.Build.0 = Release|Any CPU
		{E77B8566-FD7E-4E59-80F2-FD3637D29FE7}.Debug|Any CPU.ActiveCfg = Debug|Any CPU
		{E77B8566-FD7E-4E59-80F2-FD3637D29FE7}.Debug|Any CPU.Build.0 = Debug|Any CPU
		{E77B8566-FD7E-4E59-80F2-FD3637D29FE7}.Debug|x64.ActiveCfg = Debug|Any CPU
		{E77B8566-FD7E-4E59-80F2-FD3637D29FE7}.Debug|x64.Build.0 = Debug|Any CPU
		{E77B8566-FD7E-4E59-80F2-FD3637D29FE7}.Debug|x86.ActiveCfg = Debug|Any CPU
		{E77B8566-FD7E-4E59-80F2-FD3637D29FE7}.Debug|x86.Build.0 = Debug|Any CPU
		{E77B8566-FD7E-4E59-80F2-FD3637D29FE7}.Release|Any CPU.ActiveCfg = Release|Any CPU
		{E77B8566-FD7E-4E59-80F2-FD3637D29FE7}.Release|Any CPU.Build.0 = Release|Any CPU
		{E77B8566-FD7E-4E59-80F2-FD3637D29FE7}.Release|x64.ActiveCfg = Release|Any CPU
		{E77B8566-FD7E-4E59-80F2-FD3637D29FE7}.Release|x64.Build.0 = Release|Any CPU
		{E77B8566-FD7E-4E59-80F2-FD3637D29FE7}.Release|x86.ActiveCfg = Release|Any CPU
		{E77B8566-FD7E-4E59-80F2-FD3637D29FE7}.Release|x86.Build.0 = Release|Any CPU
	EndGlobalSection
	GlobalSection(SolutionProperties) = preSolution
		HideSolutionNode = FALSE
	EndGlobalSection
	GlobalSection(NestedProjects) = preSolution
		{7013A984-2601-4D83-A1BB-7FE7FBF0F83C} = {1CE3BB4C-88E0-43FD-B267-FA441474A66C}
		{64D33C5C-10EC-4223-BBEC-F2F57D04AC62} = {FFBD348E-60A7-463F-BFBF-C1781EB370E5}
		{FC7BA12E-4FF8-492D-8D47-65ACED6CE9B2} = {1CE3BB4C-88E0-43FD-B267-FA441474A66C}
		{F2D91CF1-71BF-44FD-AA9A-02DC5338152E} = {FFBD348E-60A7-463F-BFBF-C1781EB370E5}
		{7B52EBF6-BC71-4664-AF2D-AF0FFB86831F} = {B9970DA7-0E76-4E14-823D-14012CF27179}
		{C86CA978-63F1-4B11-B79C-F9897D1EF795} = {B9970DA7-0E76-4E14-823D-14012CF27179}
		{CF97C057-0D7E-4D84-BDA7-0D823CC5CCD3} = {1CE3BB4C-88E0-43FD-B267-FA441474A66C}
		{E77B8566-FD7E-4E59-80F2-FD3637D29FE7} = {1CE3BB4C-88E0-43FD-B267-FA441474A66C}
	EndGlobalSection
	GlobalSection(ExtensibilityGlobals) = postSolution
		SolutionGuid = {963450C4-A6BE-43C2-BFB3-2BC5E9EA31EE}
	EndGlobalSection
EndGlobal
